
Microsoft Visual Studio Solution File, Format Version 12.00
# Visual Studio Version 17
VisualStudioVersion = 17.7.34031.279
MinimumVisualStudioVersion = 10.0.40219.1
Project("{FAE04EC0-301F-11D3-BF4B-00C04F79EFBC}") = "PrefixesArrays", "PrefixesArrays.csproj", "{906AE5AB-9591-4B6D-BA3F-C541D7EDD4A9}"
EndProject
Global
	GlobalSection(SolutionConfigurationPlatforms) = preSolution
		Debug|Any CPU = Debug|Any CPU
		Release|Any CPU = Release|Any CPU
	EndGlobalSection
	GlobalSection(ProjectConfigurationPlatforms) = postSolution
		{906AE5AB-9591-4B6D-BA3F-C541D7EDD4A9}.Debug|Any CPU.ActiveCfg = Debug|Any CPU
		{906AE5AB-9591-4B6D-BA3F-C541D7EDD4A9}.Debug|Any CPU.Build.0 = Debug|Any CPU
		{906AE5AB-9591-4B6D-BA3F-C541D7EDD4A9}.Release|Any CPU.ActiveCfg = Release|Any CPU
		{906AE5AB-9591-4B6D-BA3F-C541D7EDD4A9}.Release|Any CPU.Build.0 = Release|Any CPU
	EndGlobalSection
	GlobalSection(SolutionProperties) = preSolution
		HideSolutionNode = FALSE
	EndGlobalSection
	GlobalSection(ExtensibilityGlobals) = postSolution
		SolutionGuid = {D41A5712-5123-42D2-BF0E-55FB5BBB732B}
	EndGlobalSection
EndGlobal
